Microsoft Visual Studio Solution File, Format Version 12.00
# Visual Studio Version 17
VisualStudioVersion = 17.5.2.0
MinimumVisualStudioVersion = 10.0.40219.1
Project("{FAE04EC0-301F-11D3-BF4B-00C04F79EFBC}") = "app", "app\app.csproj", "{6C0F928A-B28D-D207-D239-598F22CCD0B7}"
EndProject
Project("{2150E333-8FDC-42A3-9474-1A3956D46DE8}") = "tests", "tests", "{0AB3BF05-4346-4AA6-1389-037BE0695223}"
EndProject
Project("{FAE04EC0-301F-11D3-BF4B-00C04F79EFBC}") = "LLM.Tests", "tests\LLM.Tests\LLM.Tests.csproj", "{427573F8-0C3F-B3BB-2356-442C36FDDD64}"
EndProject
Global
	GlobalSection(SolutionConfigurationPlatforms) = preSolution
		Debug|Any CPU = Debug|Any CPU
		Release|Any CPU = Release|Any CPU
	EndGlobalSection
	GlobalSection(ProjectConfigurationPlatforms) = postSolution
		{6C0F928A-B28D-D207-D239-598F22CCD0B7}.Debug|Any CPU.ActiveCfg = Debug|Any CPU
		{6C0F928A-B28D-D207-D239-598F22CCD0B7}.Debug|Any CPU.Build.0 = Debug|Any CPU
		{6C0F928A-B28D-D207-D239-598F22CCD0B7}.Release|Any CPU.ActiveCfg = Release|Any CPU
		{6C0F928A-B28D-D207-D239-598F22CCD0B7}.Release|Any CPU.Build.0 = Release|Any CPU
		{427573F8-0C3F-B3BB-2356-442C36FDDD64}.Debug|Any CPU.ActiveCfg = Debug|Any CPU
		{427573F8-0C3F-B3BB-2356-442C36FDDD64}.Debug|Any CPU.Build.0 = Debug|Any CPU
		{427573F8-0C3F-B3BB-2356-442C36FDDD64}.Release|Any CPU.ActiveCfg = Release|Any CPU
		{427573F8-0C3F-B3BB-2356-442C36FDDD64}.Release|Any CPU.Build.0 = Release|Any CPU
	EndGlobalSection
	GlobalSection(SolutionProperties) = preSolution
		HideSolutionNode = FALSE
	EndGlobalSection
	GlobalSection(NestedProjects) = preSolution
		{427573F8-0C3F-B3BB-2356-442C36FDDD64} = {0AB3BF05-4346-4AA6-1389-037BE0695223}
	EndGlobalSection
	GlobalSection(ExtensibilityGlobals) = postSolution
		SolutionGuid = {2580794F-DA3B-407F-8B33-C21423B4F6FC}
	EndGlobalSection
EndGlobal
